
Microsoft Visual Studio Solution File, Format Version 12.00
# Visual Studio Version 17
VisualStudioVersion = 17.5.33530.505
MinimumVisualStudioVersion = 10.0.40219.1
Project("{9A19103F-16F7-4668-BE54-9A1E7A4F7556}") = "Hotel.Web", "Hotel.Web\Hotel.Web.csproj", "{D31BEBE9-DB04-4CF4-AC88-336B99613B10}"
EndProject
Project("{9A19103F-16F7-4668-BE54-9A1E7A4F7556}") = "Hotel.Common", "Hotel.Common\Hotel.Common.csproj", "{5CC42426-88B3-4B6A-9984-C9DA99413B4B}"
EndProject
Project("{2150E333-8FDC-42A3-9474-1A3956D46DE8}") = "Web", "Web", "{2D79E2CC-9C16-49EF-93A2-45FF0DD90208}"
EndProject
Project("{2150E333-8FDC-42A3-9474-1A3956D46DE8}") = "Data", "Data", "{C3E6A0D3-5EDD-4437-A96F-C2A9AC00A78E}"
EndProject
Project("{9A19103F-16F7-4668-BE54-9A1E7A4F7556}") = "Hotel.Data", "Hotel.Data\Hotel.Data.csproj", "{53E9BF6B-EB04-4776-B6B0-5A2F940ED983}"
EndProject
Project("{9A19103F-16F7-4668-BE54-9A1E7A4F7556}") = "Hotel.Data.Models", "Hotel.Data.Models\Hotel.Data.Models.csproj", "{7B39AF38-0176-4055-8379-70ED2027FD39}"
EndProject
Project("{9A19103F-16F7-4668-BE54-9A1E7A4F7556}") = "Hotel.Web.ViewModels", "Hotel.Web.ViewModels\Hotel.Web.ViewModels.csproj", "{26CF211F-57E9-48E1-8BFB-521C3A7C44F0}"
EndProject
Project("{2150E333-8FDC-42A3-9474-1A3956D46DE8}") = "Services", "Services", "{E3C47A8F-F694-46BE-9798-C8827A7CCD1F}"
EndProject
Project("{9A19103F-16F7-4668-BE54-9A1E7A4F7556}") = "Hotel.Services.Data", "Hotel.Services.Data\Hotel.Services.Data.csproj", "{014FEA73-D066-4472-B406-41DEB5A62D63}"
EndProject
Project("{9A19103F-16F7-4668-BE54-9A1E7A4F7556}") = "Hotel.Web.Infrastructure", "Hotel.Web.Infrastructure\Hotel.Web.Infrastructure.csproj", "{71ECB9F7-DCB8-4694-8C51-EFB068B34A98}"
EndProject
Project("{FAE04EC0-301F-11D3-BF4B-00C04F79EFBC}") = "Hotel.Services.Data.Models", "Hotel.Services.Data.Models\Hotel.Services.Data.Models.csproj", "{43219979-2082-4A7F-97A4-F1DCEE445139}"
EndProject
Global
	GlobalSection(SolutionConfigurationPlatforms) = preSolution
		Debug|Any CPU = Debug|Any CPU
		Release|Any CPU = Release|Any CPU
	EndGlobalSection
	GlobalSection(ProjectConfigurationPlatforms) = postSolution
		{D31BEBE9-DB04-4CF4-AC88-336B99613B10}.Debug|Any CPU.ActiveCfg = Debug|Any CPU
		{D31BEBE9-DB04-4CF4-AC88-336B99613B10}.Debug|Any CPU.Build.0 = Debug|Any CPU
		{D31BEBE9-DB04-4CF4-AC88-336B99613B10}.Release|Any CPU.ActiveCfg = Release|Any CPU
		{D31BEBE9-DB04-4CF4-AC88-336B99613B10}.Release|Any CPU.Build.0 = Release|Any CPU
		{5CC42426-88B3-4B6A-9984-C9DA99413B4B}.Debug|Any CPU.ActiveCfg = Debug|Any CPU
		{5CC42426-88B3-4B6A-9984-C9DA99413B4B}.Debug|Any CPU.Build.0 = Debug|Any CPU
		{5CC42426-88B3-4B6A-9984-C9DA99413B4B}.Release|Any CPU.ActiveCfg = Release|Any CPU
		{5CC42426-88B3-4B6A-9984-C9DA99413B4B}.Release|Any CPU.Build.0 = Release|Any CPU
		{53E9BF6B-EB04-4776-B6B0-5A2F940ED983}.Debug|Any CPU.ActiveCfg = Debug|Any CPU
		{53E9BF6B-EB04-4776-B6B0-5A2F940ED983}.Debug|Any CPU.Build.0 = Debug|Any CPU
		{53E9BF6B-EB04-4776-B6B0-5A2F940ED983}.Release|Any CPU.ActiveCfg = Release|Any CPU
		{53E9BF6B-EB04-4776-B6B0-5A2F940ED983}.Release|Any CPU.Build.0 = Release|Any CPU
		{7B39AF38-0176-4055-8379-70ED2027FD39}.Debug|Any CPU.ActiveCfg = Debug|Any CPU
		{7B39AF38-0176-4055-8379-70ED2027FD39}.Debug|Any CPU.Build.0 = Debug|Any CPU
		{7B39AF38-0176-4055-8379-70ED2027FD39}.Release|Any CPU.ActiveCfg = Release|Any CPU
		{7B39AF38-0176-4055-8379-70ED2027FD39}.Release|Any CPU.Build.0 = Release|Any CPU
		{26CF211F-57E9-48E1-8BFB-521C3A7C44F0}.Debug|Any CPU.ActiveCfg = Debug|Any CPU
		{26CF211F-57E9-48E1-8BFB-521C3A7C44F0}.Debug|Any CPU.Build.0 = Debug|Any CPU
		{26CF211F-57E9-48E1-8BFB-521C3A7C44F0}.Release|Any CPU.ActiveCfg = Release|Any CPU
		{26CF211F-57E9-48E1-8BFB-521C3A7C44F0}.Release|Any CPU.Build.0 = Release|Any CPU
		{014FEA73-D066-4472-B406-41DEB5A62D63}.Debug|Any CPU.ActiveCfg = Debug|Any CPU
		{014FEA73-D066-4472-B406-41DEB5A62D63}.Debug|Any CPU.Build.0 = Debug|Any CPU
		{014FEA73-D066-4472-B406-41DEB5A62D63}.Release|Any CPU.ActiveCfg = Release|Any CPU
		{014FEA73-D066-4472-B406-41DEB5A62D63}.Release|Any CPU.Build.0 = Release|Any CPU
		{71ECB9F7-DCB8-4694-8C51-EFB068B34A98}.Debug|Any CPU.ActiveCfg = Debug|Any CPU
		{71ECB9F7-DCB8-4694-8C51-EFB068B34A98}.Debug|Any CPU.Build.0 = Debug|Any CPU
		{71ECB9F7-DCB8-4694-8C51-EFB068B34A98}.Release|Any CPU.ActiveCfg = Release|Any CPU
		{71ECB9F7-DCB8-4694-8C51-EFB068B34A98}.Release|Any CPU.Build.0 = Release|Any CPU
		{43219979-2082-4A7F-97A4-F1DCEE445139}.Debug|Any CPU.ActiveCfg = Debug|Any CPU
		{43219979-2082-4A7F-97A4-F1DCEE445139}.Debug|Any CPU.Build.0 = Debug|Any CPU
		{43219979-2082-4A7F-97A4-F1DCEE445139}.Release|Any CPU.ActiveCfg = Release|Any CPU
		{43219979-2082-4A7F-97A4-F1DCEE445139}.Release|Any CPU.Build.0 = Release|Any CPU
	EndGlobalSection
	GlobalSection(SolutionProperties) = preSolution
		HideSolutionNode = FALSE
	EndGlobalSection
	GlobalSection(NestedProjects) = preSolution
		{D31BEBE9-DB04-4CF4-AC88-336B99613B10} = {2D79E2CC-9C16-49EF-93A2-45FF0DD90208}
		{53E9BF6B-EB04-4776-B6B0-5A2F940ED983} = {C3E6A0D3-5EDD-4437-A96F-C2A9AC00A78E}
		{7B39AF38-0176-4055-8379-70ED2027FD39} = {C3E6A0D3-5EDD-4437-A96F-C2A9AC00A78E}
		{26CF211F-57E9-48E1-8BFB-521C3A7C44F0} = {2D79E2CC-9C16-49EF-93A2-45FF0DD90208}
		{014FEA73-D066-4472-B406-41DEB5A62D63} = {E3C47A8F-F694-46BE-9798-C8827A7CCD1F}
		{71ECB9F7-DCB8-4694-8C51-EFB068B34A98} = {2D79E2CC-9C16-49EF-93A2-45FF0DD90208}
		{43219979-2082-4A7F-97A4-F1DCEE445139} = {E3C47A8F-F694-46BE-9798-C8827A7CCD1F}
	EndGlobalSection
	GlobalSection(ExtensibilityGlobals) = postSolution
		SolutionGuid = {FD49D75B-DEFE-4FFE-84DD-813B89562DAC}
	EndGlobalSection
EndGlobal
